{
    "name": "node",
    "version": "0.0.1",
    "lockfileVersion": 2,
    "requires": true,
    "packages": {
        "": {
            "name": "node",
            "version": "0.0.1",
            "dependencies": {
                "math": "^0.0.3"
            }
        },
        "node_modules/math": {
            "version": "0.0.3",
            "resolved": "https://registry.npmjs.org/math/-/math-0.0.3.tgz",
            "integrity": "sha1-hbAg/VTOELJqvqv81+H0vbxGRw8=",
            "engines": {
                "node": "> 0.0.0"
            }
        }
    },
    "dependencies": {
        "math": {
            "version": "0.0.3",
            "resolved": "https://registry.npmjs.org/math/-/math-0.0.3.tgz",
            "integrity": "sha1-hbAg/VTOELJqvqv81+H0vbxGRw8="
        }
    }
}
